
Microsoft Visual Studio Solution File, Format Version 12.00
# Visual Studio Version 17
VisualStudioVersion = 17.5.33424.131
MinimumVisualStudioVersion = 10.0.40219.1
Project("{8BC9CEB8-8B4A-11D0-8D11-00A0C91BC942}") = "OpenMutex", "OpenMutex\OpenMutex.vcxproj", "{0D839AF3-C758-4323-8E18-97DA1896EC44}"
EndProject
Global
	GlobalSection(SolutionConfigurationPlatforms) = preSolution
		Debug|arm64 = Debug|arm64
		Debug|x64 = Debug|x64
		Debug|x86 = Debug|x86
		Release|arm64 = Release|arm64
		Release|x64 = Release|x64
		Release|x86 = Release|x86
	EndGlobalSection
	GlobalSection(ProjectConfigurationPlatforms) = postSolution
		{0D839AF3-C758-4323-8E18-97DA1896EC44}.Debug|arm64.ActiveCfg = Debug|arm64
		{0D839AF3-C758-4323-8E18-97DA1896EC44}.Debug|arm64.Build.0 = Debug|arm64
		{0D839AF3-C758-4323-8E18-97DA1896EC44}.Debug|x64.ActiveCfg = Debug|x64
		{0D839AF3-C758-4323-8E18-97DA1896EC44}.Debug|x64.Build.0 = Debug|x64
		{0D839AF3-C758-4323-8E18-97DA1896EC44}.Debug|x86.ActiveCfg = Debug|Win32
		{0D839AF3-C758-4323-8E18-97DA1896EC44}.Debug|x86.Build.0 = Debug|Win32
		{0D839AF3-C758-4323-8E18-97DA1896EC44}.Release|arm64.ActiveCfg = Release|arm64
		{0D839AF3-C758-4323-8E18-97DA1896EC44}.Release|arm64.Build.0 = Release|arm64
		{0D839AF3-C758-4323-8E18-97DA1896EC44}.Release|x64.ActiveCfg = Release|x64
		{0D839AF3-C758-4323-8E18-97DA1896EC44}.Release|x64.Build.0 = Release|x64
		{0D839AF3-C758-4323-8E18-97DA1896EC44}.Release|x86.ActiveCfg = Release|Win32
		{0D839AF3-C758-4323-8E18-97DA1896EC44}.Release|x86.Build.0 = Release|Win32
	EndGlobalSection
	GlobalSection(SolutionProperties) = preSolution
		HideSolutionNode = FALSE
	EndGlobalSection
	GlobalSection(ExtensibilityGlobals) = postSolution
		SolutionGuid = {D5C99EB4-19B1-446E-B748-BB880899CB28}
	EndGlobalSection
EndGlobal
