// !$*UTF8*$!
{
	archiveVersion = 1;
	classes = {
	};
	objectVersion = 56;
	objects = {

/* Begin PBXBuildFile section */
		15856D052A1E9CAA0085FE75 /* UIControl+Combine.swift in Sources */ = {isa = PBXBuildFile; fileRef = 15856D002A1E9CAA0085FE75 /* UIControl+Combine.swift */; };
		15856D062A1E9CAA0085FE75 /* UISwitch+Combine.swift in Sources */ = {isa = PBXBuildFile; fileRef = 15856D012A1E9CAA0085FE75 /* UISwitch+Combine.swift */; };
		15856D072A1E9CAA0085FE75 /* UIButton+Combine.swift in Sources */ = {isa = PBXBuildFile; fileRef = 15856D022A1E9CAA0085FE75 /* UIButton+Combine.swift */; };
		15856D082A1E9CAA0085FE75 /* UIControl+CombineInteraction.swift in Sources */ = {isa = PBXBuildFile; fileRef = 15856D032A1E9CAA0085FE75 /* UIControl+CombineInteraction.swift */; };
		15856D092A1E9CAA0085FE75 /* UITextField+Combine.swift in Sources */ = {isa = PBXBuildFile; fileRef = 15856D042A1E9CAA0085FE75 /* UITextField+Combine.swift */; };
		15856D0E2A1E9D150085FE75 /* ConvenienceInit.swift in Sources */ = {isa = PBXBuildFile; fileRef = 15856D0B2A1E9D150085FE75 /* ConvenienceInit.swift */; };
		15856D0F2A1E9D150085FE75 /* ViewModelProtocols.swift in Sources */ = {isa = PBXBuildFile; fileRef = 15856D0C2A1E9D150085FE75 /* ViewModelProtocols.swift */; };
		15856D102A1E9D150085FE75 /* LayoutSupport.swift in Sources */ = {isa = PBXBuildFile; fileRef = 15856D0D2A1E9D150085FE75 /* LayoutSupport.swift */; };
		15856D182A1E9F490085FE75 /* LoginViewModel.swift in Sources */ = {isa = PBXBuildFile; fileRef = 15856D172A1E9F490085FE75 /* LoginViewModel.swift */; };
		15856D1B2A1EA14A0085FE75 /* LoginViewModel+Associatedtype.swift in Sources */ = {isa = PBXBuildFile; fileRef = 15856D1A2A1EA14A0085FE75 /* LoginViewModel+Associatedtype.swift */; };
		1589198B2A1E7B43006796B2 /* AppDelegate.swift in Sources */ = {isa = PBXBuildFile; fileRef = 1589198A2A1E7B43006796B2 /* AppDelegate.swift */; };
		1589198D2A1E7B43006796B2 /* SceneDelegate.swift in Sources */ = {isa = PBXBuildFile; fileRef = 1589198C2A1E7B43006796B2 /* SceneDelegate.swift */; };
		1589198F2A1E7B43006796B2 /* LoginViewController.swift in Sources */ = {isa = PBXBuildFile; fileRef = 1589198E2A1E7B43006796B2 /* LoginViewController.swift */; };
		158919942A1E7B43006796B2 /* Assets.xcassets in Resources */ = {isa = PBXBuildFile; fileRef = 158919932A1E7B43006796B2 /* Assets.xcassets */; };
		158919972A1E7B43006796B2 /* LaunchScreen.storyboard in Resources */ = {isa = PBXBuildFile; fileRef = 158919952A1E7B43006796B2 /* LaunchScreen.storyboard */; };
		15BB01C22A1F01070035B486 /* LoginViewControllerConstant.swift in Sources */ = {isa = PBXBuildFile; fileRef = 15BB01C12A1F01070035B486 /* LoginViewControllerConstant.swift */; };
		15BB01C82A1F0B710035B486 /* UIColor+Palette.swift in Sources */ = {isa = PBXBuildFile; fileRef = 15BB01C72A1F0B710035B486 /* UIColor+Palette.swift */; };
		15BB01CA2A1F10730035B486 /* AuthenticationTextField.swift in Sources */ = {isa = PBXBuildFile; fileRef = 15BB01C92A1F10730035B486 /* AuthenticationTextField.swift */; };
		15BB01CD2A1F11D70035B486 /* UISpacing.swift in Sources */ = {isa = PBXBuildFile; fileRef = 15BB01CC2A1F11D70035B486 /* UISpacing.swift */; };
		15BB01CF2A1F134A0035B486 /* AuthenticationTextFieldConstant.swift in Sources */ = {isa = PBXBuildFile; fileRef = 15BB01CE2A1F134A0035B486 /* AuthenticationTextFieldConstant.swift */; };
		15BB01D22A1F24960035B486 /* ForgetView.swift in Sources */ = {isa = PBXBuildFile; fileRef = 15BB01D12A1F24960035B486 /* ForgetView.swift */; };
		15BB01D42A1F25280035B486 /* ForgetViewConstant.swift in Sources */ = {isa = PBXBuildFile; fileRef = 15BB01D32A1F25280035B486 /* ForgetViewConstant.swift */; };
		15BB01D72A1F2A070035B486 /* ForgetViewDelegate.swift in Sources */ = {isa = PBXBuildFile; fileRef = 15BB01D62A1F2A070035B486 /* ForgetViewDelegate.swift */; };
		15BB01D92A1F311E0035B486 /* OneUnitHeightLine.swift in Sources */ = {isa = PBXBuildFile; fileRef = 15BB01D82A1F311E0035B486 /* OneUnitHeightLine.swift */; };
		15BB01DB2A1F31470035B486 /* UIColor+Hex.swift in Sources */ = {isa = PBXBuildFile; fileRef = 15BB01DA2A1F31470035B486 /* UIColor+Hex.swift */; };
		15BB01DE2A1F3DD70035B486 /* BackgroundBlur.swift in Sources */ = {isa = PBXBuildFile; fileRef = 15BB01DD2A1F3DD70035B486 /* BackgroundBlur.swift */; };
		15BB01E02A1F480E0035B486 /* UIView+CustomAnimation.swift in Sources */ = {isa = PBXBuildFile; fileRef = 15BB01DF2A1F480E0035B486 /* UIView+CustomAnimation.swift */; };
		15BB01E32A1F519B0035B486 /* SignUpViewController.swift in Sources */ = {isa = PBXBuildFile; fileRef = 15BB01E22A1F519B0035B486 /* SignUpViewController.swift */; };
		15BB01E72A205F5C0035B486 /* NavigationControler.swift in Sources */ = {isa = PBXBuildFile; fileRef = 15BB01E62A205F5C0035B486 /* NavigationControler.swift */; };
		15BB01E92A209ABF0035B486 /* UIColor+iconColorChange.swift in Sources */ = {isa = PBXBuildFile; fileRef = 15BB01E82A209ABF0035B486 /* UIColor+iconColorChange.swift */; };
		15BB01EB2A20CA240035B486 /* AuthenticationTextFieldColorState.swift in Sources */ = {isa = PBXBuildFile; fileRef = 15BB01EA2A20CA240035B486 /* AuthenticationTextFieldColorState.swift */; };
		15BB021A2A225E380035B486 /* SignUpVIew.swift in Sources */ = {isa = PBXBuildFile; fileRef = 15BB02192A225E380035B486 /* SignUpVIew.swift */; };
		15BB021C2A225EE30035B486 /* SignUpViewCell.swift in Sources */ = {isa = PBXBuildFile; fileRef = 15BB021B2A225EE30035B486 /* SignUpViewCell.swift */; };
		15BB021F2A226A230035B486 /* SignUpViewModel.swift in Sources */ = {isa = PBXBuildFile; fileRef = 15BB021E2A226A230035B486 /* SignUpViewModel.swift */; };
		15BB02212A226A910035B486 /* SignUpViewAdapter.swift in Sources */ = {isa = PBXBuildFile; fileRef = 15BB02202A226A910035B486 /* SignUpViewAdapter.swift */; };
		15BB02252A226B2C0035B486 /* SignUpViewAdapterDataSource.swift in Sources */ = {isa = PBXBuildFile; fileRef = 15BB02242A226B2C0035B486 /* SignUpViewAdapterDataSource.swift */; };
		15BB02272A22795C0035B486 /* AuthenticationButton.swift in Sources */ = {isa = PBXBuildFile; fileRef = 15BB02262A22795C0035B486 /* AuthenticationButton.swift */; };
		15BB022C2A2336AA0035B486 /* SignUpViewCellDelegate.swift in Sources */ = {isa = PBXBuildFile; fileRef = 15BB022B2A2336AA0035B486 /* SignUpViewCellDelegate.swift */; };
		15BB022F2A233CC30035B486 /* SignUpModel.swift in Sources */ = {isa = PBXBuildFile; fileRef = 15BB022E2A233CC30035B486 /* SignUpModel.swift */; };
		15BB02372A2347460035B486 /* SignUpViewCell+Constant.swift in Sources */ = {isa = PBXBuildFile; fileRef = 15BB02362A2347460035B486 /* SignUpViewCell+Constant.swift */; };
		15BB023B2A23B0B60035B486 /* SignUpViewCellInputState.swift in Sources */ = {isa = PBXBuildFile; fileRef = 15BB023A2A23B0B60035B486 /* SignUpViewCellInputState.swift */; };
		15BB02402A23DDC70035B486 /* SignUpViewCell+DrawSignUpEndPage.swift in Sources */ = {isa = PBXBuildFile; fileRef = 15BB023F2A23DDC70035B486 /* SignUpViewCell+DrawSignUpEndPage.swift */; };
		15BB02442A23E1170035B486 /* leftCongratulation.json in Resources */ = {isa = PBXBuildFile; fileRef = 15BB02432A23E1170035B486 /* leftCongratulation.json */; };
		15BB02482A23E3960035B486 /* welcome.json in Resources */ = {isa = PBXBuildFile; fileRef = 15BB02472A23E3960035B486 /* welcome.json */; };
		15BB024A2A246B660035B486 /* loginMessage.json in Resources */ = {isa = PBXBuildFile; fileRef = 15BB02492A246B660035B486 /* loginMessage.json */; };
		15BB024E2A2482370035B486 /* ChatListViewController.swift in Sources */ = {isa = PBXBuildFile; fileRef = 15BB024D2A2482370035B486 /* ChatListViewController.swift */; };
		15BB02532A2496B00035B486 /* ChatListLeftNaviItem.swift in Sources */ = {isa = PBXBuildFile; fileRef = 15BB02522A2496B00035B486 /* ChatListLeftNaviItem.swift */; };
		15BB02552A24AF650035B486 /* BottomNaviBar.swift in Sources */ = {isa = PBXBuildFile; fileRef = 15BB02542A24AF650035B486 /* BottomNaviBar.swift */; };
		15BB02592A24DC550035B486 /* helloNavi.json in Resources */ = {isa = PBXBuildFile; fileRef = 15BB02582A24DC540035B486 /* helloNavi.json */; };
		15BB025B2A24E1CE0035B486 /* bottle.json in Resources */ = {isa = PBXBuildFile; fileRef = 15BB025A2A24E1CE0035B486 /* bottle.json */; };
		15BB025D2A24E3E30035B486 /* GroupChatSearch.swift in Sources */ = {isa = PBXBuildFile; fileRef = 15BB025C2A24E3E30035B486 /* GroupChatSearch.swift */; };
		15BB02602A251BF10035B486 /* GroupChatSearch+Constant.swift in Sources */ = {isa = PBXBuildFile; fileRef = 15BB025F2A251BF10035B486 /* GroupChatSearch+Constant.swift */; };
		15BB02622A251C0D0035B486 /* ChatListLeftNaviItem+Constant.swift in Sources */ = {isa = PBXBuildFile; fileRef = 15BB02612A251C0D0035B486 /* ChatListLeftNaviItem+Constant.swift */; };
		15BB02642A251C430035B486 /* ChatListViewController+Constant.swift in Sources */ = {isa = PBXBuildFile; fileRef = 15BB02632A251C430035B486 /* ChatListViewController+Constant.swift */; };
		15BB027A2A25F1710035B486 /* GroupView.swift in Sources */ = {isa = PBXBuildFile; fileRef = 15BB02792A25F1710035B486 /* GroupView.swift */; };
		15BB027C2A25F31A0035B486 /* GroupViewCell.swift in Sources */ = {isa = PBXBuildFile; fileRef = 15BB027B2A25F31A0035B486 /* GroupViewCell.swift */; };
		15BB027F2A25F3690035B486 /* GroupViewAdapter.swift in Sources */ = {isa = PBXBuildFile; fileRef = 15BB027E2A25F3680035B486 /* GroupViewAdapter.swift */; };
		15BB02822A25F37E0035B486 /* GroupViewAdapterDataSoruce.swift in Sources */ = {isa = PBXBuildFile; fileRef = 15BB02812A25F37E0035B486 /* GroupViewAdapterDataSoruce.swift */; };
		15BB02842A261D910035B486 /* UIColor+ChatPalette.swift in Sources */ = {isa = PBXBuildFile; fileRef = 15BB02832A261D910035B486 /* UIColor+ChatPalette.swift */; };
		15BB02892A262C800035B486 /* ChatListViewModel.swift in Sources */ = {isa = PBXBuildFile; fileRef = 15BB02882A262C800035B486 /* ChatListViewModel.swift */; };
		15BB028C2A262D270035B486 /* GroupModel.swift in Sources */ = {isa = PBXBuildFile; fileRef = 15BB028B2A262D270035B486 /* GroupModel.swift */; };
		15BB028F2A2631040035B486 /* MockGroupModel.swift in Sources */ = {isa = PBXBuildFile; fileRef = 15BB028E2A2631040035B486 /* MockGroupModel.swift */; };
		15BB02A72A264A070035B486 /* FlowCoordinator.swift in Sources */ = {isa = PBXBuildFile; fileRef = 15BB02A62A264A070035B486 /* FlowCoordinator.swift */; };
		15BB02AA2A2650BE0035B486 /* FlowCoordinator+ConvenienceInitSubCoordinator.swift in Sources */ = {isa = PBXBuildFile; fileRef = 15BB02A92A2650BE0035B486 /* FlowCoordinator+ConvenienceInitSubCoordinator.swift */; };
		15BB02AC2A2659900035B486 /* ApplicationFlowCoordinator.swift in Sources */ = {isa = PBXBuildFile; fileRef = 15BB02AB2A2659900035B486 /* ApplicationFlowCoordinator.swift */; };
		15BB02AF2A2668240035B486 /* LoginCoordinator.swift in Sources */ = {isa = PBXBuildFile; fileRef = 15BB02AE2A2668240035B486 /* LoginCoordinator.swift */; };
		15BB02B42A26720A0035B486 /* SignUpCoordinator.swift in Sources */ = {isa = PBXBuildFile; fileRef = 15BB02B32A26720A0035B486 /* SignUpCoordinator.swift */; };
		15BB02B72A26785D0035B486 /* ChatListCoordinator.swift in Sources */ = {isa = PBXBuildFile; fileRef = 15BB02B62A26785D0035B486 /* ChatListCoordinator.swift */; };
		15BB02B92A28407B0035B486 /* BottomNaviBar+Constant.swift in Sources */ = {isa = PBXBuildFile; fileRef = 15BB02B82A28407B0035B486 /* BottomNaviBar+Constant.swift */; };
		15BB02BB2A284D360035B486 /* GroupViewAdapterDelegate.swift in Sources */ = {isa = PBXBuildFile; fileRef = 15BB02BA2A284D360035B486 /* GroupViewAdapterDelegate.swift */; };
		15BB02C02A284E8D0035B486 /* MessageViewContrller.swift in Sources */ = {isa = PBXBuildFile; fileRef = 15BB02BF2A284E8D0035B486 /* MessageViewContrller.swift */; };
		15BB02C32A2850050035B486 /* MessageCoordinator.swift in Sources */ = {isa = PBXBuildFile; fileRef = 15BB02C22A2850050035B486 /* MessageCoordinator.swift */; };
		15BB02C62A287B1C0035B486 /* MessageSendBarInputTextView.swift in Sources */ = {isa = PBXBuildFile; fileRef = 15BB02C52A287B1C0035B486 /* MessageSendBarInputTextView.swift */; };
		15BB02C82A28855D0035B486 /* MessageSendBar.swift in Sources */ = {isa = PBXBuildFile; fileRef = 15BB02C72A28855D0035B486 /* MessageSendBar.swift */; };
		15BB02CB2A2887140035B486 /* MessageTextViewDelegate.swift in Sources */ = {isa = PBXBuildFile; fileRef = 15BB02CA2A2887140035B486 /* MessageTextViewDelegate.swift */; };
		15BB02CD2A288DBB0035B486 /* CommentSendInputAccessoryViewDelegate.swift in Sources */ = {isa = PBXBuildFile; fileRef = 15BB02CC2A288DBB0035B486 /* CommentSendInputAccessoryViewDelegate.swift */; };
		15BB02D02A2895090035B486 /* MessageViewAdapter.swift in Sources */ = {isa = PBXBuildFile; fileRef = 15BB02CF2A2895090035B486 /* MessageViewAdapter.swift */; };
		15BB02D32A2895700035B486 /* CommentModel.swift in Sources */ = {isa = PBXBuildFile; fileRef = 15BB02D22A2895700035B486 /* CommentModel.swift */; };
		15BB02D62A2895EF0035B486 /* UserModel.swift in Sources */ = {isa = PBXBuildFile; fileRef = 15BB02D52A2895EF0035B486 /* UserModel.swift */; };
		15BB02D82A2897020035B486 /* MessageViewControllerDataSource.swift in Sources */ = {isa = PBXBuildFile; fileRef = 15BB02D72A2897020035B486 /* MessageViewControllerDataSource.swift */; };
		15BB02DB2A2897B70035B486 /* MessageViewModel.swift in Sources */ = {isa = PBXBuildFile; fileRef = 15BB02DA2A2897B70035B486 /* MessageViewModel.swift */; };
		15BB02DD2A28B7FC0035B486 /* MessageCell.swift in Sources */ = {isa = PBXBuildFile; fileRef = 15BB02DC2A28B7FC0035B486 /* MessageCell.swift */; };
		15BB02F22A28E8AB0035B486 /* MessageContentView.swift in Sources */ = {isa = PBXBuildFile; fileRef = 15BB02F12A28E8AB0035B486 /* MessageContentView.swift */; };
		15BB02F42A29067D0035B486 /* MessageContentModel.swift in Sources */ = {isa = PBXBuildFile; fileRef = 15BB02F32A29067D0035B486 /* MessageContentModel.swift */; };
		15BB02F82A29076E0035B486 /* MessageContentView+Constant.swift in Sources */ = {isa = PBXBuildFile; fileRef = 15BB02F72A29076E0035B486 /* MessageContentView+Constant.swift */; };
		15BB02FA2A2907870035B486 /* MessageSenderState.swift in Sources */ = {isa = PBXBuildFile; fileRef = 15BB02F92A2907870035B486 /* MessageSenderState.swift */; };
		15E7C9FD2A1EB01600F1CB49 /* .swiftLint.yml in Resources */ = {isa = PBXBuildFile; fileRef = 15E7C9FC2A1EB01600F1CB49 /* .swiftLint.yml */; };
		5E71008154573DB656B961E4 /* Pods_SoTalk.framework in Frameworks */ = {isa = PBXBuildFile; fileRef = FCE089AEF1146D1A3C6EEAEE /* Pods_SoTalk.framework */; };
/* End PBXBuildFile section */

/* Begin PBXFileReference section */
		15856D002A1E9CAA0085FE75 /* UIControl+Combine.swift */ = {isa = PBXFileReference; fileEncoding = 4; lastKnownFileType = sourcecode.swift; path = "UIControl+Combine.swift"; sourceTree = "<group>"; };
		15856D012A1E9CAA0085FE75 /* UISwitch+Combine.swift */ = {isa = PBXFileReference; fileEncoding = 4; lastKnownFileType = sourcecode.swift; path = "UISwitch+Combine.swift"; sourceTree = "<group>"; };
		15856D022A1E9CAA0085FE75 /* UIButton+Combine.swift */ = {isa = PBXFileReference; fileEncoding = 4; lastKnownFileType = sourcecode.swift; path = "UIButton+Combine.swift"; sourceTree = "<group>"; };
		15856D032A1E9CAA0085FE75 /* UIControl+CombineInteraction.swift */ = {isa = PBXFileReference; fileEncoding = 4; lastKnownFileType = sourcecode.swift; path = "UIControl+CombineInteraction.swift"; sourceTree = "<group>"; };
		15856D042A1E9CAA0085FE75 /* UITextField+Combine.swift */ = {isa = PBXFileReference; fileEncoding = 4; lastKnownFileType = sourcecode.swift; path = "UITextField+Combine.swift"; sourceTree = "<group>"; };
		15856D0B2A1E9D150085FE75 /* ConvenienceInit.swift */ = {isa = PBXFileReference; fileEncoding = 4; lastKnownFileType = sourcecode.swift; path = ConvenienceInit.swift; sourceTree = "<group>"; };
		15856D0C2A1E9D150085FE75 /* ViewModelProtocols.swift */ = {isa = PBXFileReference; fileEncoding = 4; lastKnownFileType = sourcecode.swift; path = ViewModelProtocols.swift; sourceTree = "<group>"; };
		15856D0D2A1E9D150085FE75 /* LayoutSupport.swift */ = {isa = PBXFileReference; fileEncoding = 4; lastKnownFileType = sourcecode.swift; path = LayoutSupport.swift; sourceTree = "<group>"; };
		15856D172A1E9F490085FE75 /* LoginViewModel.swift */ = {isa = PBXFileReference; lastKnownFileType = sourcecode.swift; path = LoginViewModel.swift; sourceTree = "<group>"; };
		15856D1A2A1EA14A0085FE75 /* LoginViewModel+Associatedtype.swift */ = {isa = PBXFileReference; lastKnownFileType = sourcecode.swift; path = "LoginViewModel+Associatedtype.swift"; sourceTree = "<group>"; };
		158919872A1E7B43006796B2 /* SoTalk.app */ = {isa = PBXFileReference; explicitFileType = wrapper.application; includeInIndex = 0; path = SoTalk.app; sourceTree = BUILT_PRODUCTS_DIR; };
		1589198A2A1E7B43006796B2 /* AppDelegate.swift */ = {isa = PBXFileReference; lastKnownFileType = sourcecode.swift; path = AppDelegate.swift; sourceTree = "<group>"; };
		1589198C2A1E7B43006796B2 /* SceneDelegate.swift */ = {isa = PBXFileReference; lastKnownFileType = sourcecode.swift; path = SceneDelegate.swift; sourceTree = "<group>"; };
		1589198E2A1E7B43006796B2 /* LoginViewController.swift */ = {isa = PBXFileReference; lastKnownFileType = sourcecode.swift; path = LoginViewController.swift; sourceTree = "<group>"; };
		158919932A1E7B43006796B2 /* Assets.xcassets */ = {isa = PBXFileReference; lastKnownFileType = folder.assetcatalog; path = Assets.xcassets; sourceTree = "<group>"; };
		158919962A1E7B43006796B2 /* Base */ = {isa = PBXFileReference; lastKnownFileType = file.storyboard; name = Base; path = Base.lproj/LaunchScreen.storyboard; sourceTree = "<group>"; };
		158919982A1E7B43006796B2 /* Info.plist */ = {isa = PBXFileReference; lastKnownFileType = text.plist.xml; path = Info.plist; sourceTree = "<group>"; };
		15BB01C12A1F01070035B486 /* LoginViewControllerConstant.swift */ = {isa = PBXFileReference; lastKnownFileType = sourcecode.swift; path = LoginViewControllerConstant.swift; sourceTree = "<group>"; };
		15BB01C72A1F0B710035B486 /* UIColor+Palette.swift */ = {isa = PBXFileReference; lastKnownFileType = sourcecode.swift; path = "UIColor+Palette.swift"; sourceTree = "<group>"; };
		15BB01C92A1F10730035B486 /* AuthenticationTextField.swift */ = {isa = PBXFileReference; lastKnownFileType = sourcecode.swift; path = AuthenticationTextField.swift; sourceTree = "<group>"; };
		15BB01CC2A1F11D70035B486 /* UISpacing.swift */ = {isa = PBXFileReference; lastKnownFileType = sourcecode.swift; path = UISpacing.swift; sourceTree = "<group>"; };
		15BB01CE2A1F134A0035B486 /* AuthenticationTextFieldConstant.swift */ = {isa = PBXFileReference; lastKnownFileType = sourcecode.swift; path = AuthenticationTextFieldConstant.swift; sourceTree = "<group>"; };
		15BB01D12A1F24960035B486 /* ForgetView.swift */ = {isa = PBXFileReference; lastKnownFileType = sourcecode.swift; path = ForgetView.swift; sourceTree = "<group>"; };
		15BB01D32A1F25280035B486 /* ForgetViewConstant.swift */ = {isa = PBXFileReference; lastKnownFileType = sourcecode.swift; path = ForgetViewConstant.swift; sourceTree = "<group>"; };
		15BB01D62A1F2A070035B486 /* ForgetViewDelegate.swift */ = {isa = PBXFileReference; lastKnownFileType = sourcecode.swift; path = ForgetViewDelegate.swift; sourceTree = "<group>"; };
		15BB01D82A1F311E0035B486 /* OneUnitHeightLine.swift */ = {isa = PBXFileReference; lastKnownFileType = sourcecode.swift; path = OneUnitHeightLine.swift; sourceTree = "<group>"; };
		15BB01DA2A1F31470035B486 /* UIColor+Hex.swift */ = {isa = PBXFileReference; lastKnownFileType = sourcecode.swift; path = "UIColor+Hex.swift"; sourceTree = "<group>"; };
		15BB01DD2A1F3DD70035B486 /* BackgroundBlur.swift */ = {isa = PBXFileReference; lastKnownFileType = sourcecode.swift; path = BackgroundBlur.swift; sourceTree = "<group>"; };
		15BB01DF2A1F480E0035B486 /* UIView+CustomAnimation.swift */ = {isa = PBXFileReference; lastKnownFileType = sourcecode.swift; path = "UIView+CustomAnimation.swift"; sourceTree = "<group>"; };
		15BB01E22A1F519B0035B486 /* SignUpViewController.swift */ = {isa = PBXFileReference; lastKnownFileType = sourcecode.swift; path = SignUpViewController.swift; sourceTree = "<group>"; };
		15BB01E62A205F5C0035B486 /* NavigationControler.swift */ = {isa = PBXFileReference; lastKnownFileType = sourcecode.swift; path = NavigationControler.swift; sourceTree = "<group>"; };
		15BB01E82A209ABF0035B486 /* UIColor+iconColorChange.swift */ = {isa = PBXFileReference; lastKnownFileType = sourcecode.swift; path = "UIColor+iconColorChange.swift"; sourceTree = "<group>"; };
		15BB01EA2A20CA240035B486 /* AuthenticationTextFieldColorState.swift */ = {isa = PBXFileReference; lastKnownFileType = sourcecode.swift; path = AuthenticationTextFieldColorState.swift; sourceTree = "<group>"; };
		15BB02192A225E380035B486 /* SignUpVIew.swift */ = {isa = PBXFileReference; lastKnownFileType = sourcecode.swift; path = SignUpVIew.swift; sourceTree = "<group>"; };
		15BB021B2A225EE30035B486 /* SignUpViewCell.swift */ = {isa = PBXFileReference; lastKnownFileType = sourcecode.swift; path = SignUpViewCell.swift; sourceTree = "<group>"; };
		15BB021E2A226A230035B486 /* SignUpViewModel.swift */ = {isa = PBXFileReference; lastKnownFileType = sourcecode.swift; path = SignUpViewModel.swift; sourceTree = "<group>"; };
		15BB02202A226A910035B486 /* SignUpViewAdapter.swift */ = {isa = PBXFileReference; lastKnownFileType = sourcecode.swift; path = SignUpViewAdapter.swift; sourceTree = "<group>"; };
		15BB02242A226B2C0035B486 /* SignUpViewAdapterDataSource.swift */ = {isa = PBXFileReference; lastKnownFileType = sourcecode.swift; path = SignUpViewAdapterDataSource.swift; sourceTree = "<group>"; };
		15BB02262A22795C0035B486 /* AuthenticationButton.swift */ = {isa = PBXFileReference; lastKnownFileType = sourcecode.swift; path = AuthenticationButton.swift; sourceTree = "<group>"; };
		15BB022B2A2336AA0035B486 /* SignUpViewCellDelegate.swift */ = {isa = PBXFileReference; lastKnownFileType = sourcecode.swift; path = SignUpViewCellDelegate.swift; sourceTree = "<group>"; };
		15BB022E2A233CC30035B486 /* SignUpModel.swift */ = {isa = PBXFileReference; lastKnownFileType = sourcecode.swift; path = SignUpModel.swift; sourceTree = "<group>"; };
		15BB02362A2347460035B486 /* SignUpViewCell+Constant.swift */ = {isa = PBXFileReference; lastKnownFileType = sourcecode.swift; path = "SignUpViewCell+Constant.swift"; sourceTree = "<group>"; };
		15BB023A2A23B0B60035B486 /* SignUpViewCellInputState.swift */ = {isa = PBXFileReference; lastKnownFileType = sourcecode.swift; path = SignUpViewCellInputState.swift; sourceTree = "<group>"; };
		15BB023F2A23DDC70035B486 /* SignUpViewCell+DrawSignUpEndPage.swift */ = {isa = PBXFileReference; lastKnownFileType = sourcecode.swift; path = "SignUpViewCell+DrawSignUpEndPage.swift"; sourceTree = "<group>"; };
		15BB02432A23E1170035B486 /* leftCongratulation.json */ = {isa = PBXFileReference; fileEncoding = 4; lastKnownFileType = text.json; path = leftCongratulation.json; sourceTree = "<group>"; };
		15BB02472A23E3960035B486 /* welcome.json */ = {isa = PBXFileReference; fileEncoding = 4; lastKnownFileType = text.json; path = welcome.json; sourceTree = "<group>"; };
		15BB02492A246B660035B486 /* loginMessage.json */ = {isa = PBXFileReference; fileEncoding = 4; lastKnownFileType = text.json; path = loginMessage.json; sourceTree = "<group>"; };
		15BB024D2A2482370035B486 /* ChatListViewController.swift */ = {isa = PBXFileReference; lastKnownFileType = sourcecode.swift; path = ChatListViewController.swift; sourceTree = "<group>"; };
		15BB02522A2496B00035B486 /* ChatListLeftNaviItem.swift */ = {isa = PBXFileReference; lastKnownFileType = sourcecode.swift; path = ChatListLeftNaviItem.swift; sourceTree = "<group>"; };
		15BB02542A24AF650035B486 /* BottomNaviBar.swift */ = {isa = PBXFileReference; lastKnownFileType = sourcecode.swift; path = BottomNaviBar.swift; sourceTree = "<group>"; };
		15BB02582A24DC540035B486 /* helloNavi.json */ = {isa = PBXFileReference; fileEncoding = 4; lastKnownFileType = text.json; path = helloNavi.json; sourceTree = "<group>"; };
		15BB025A2A24E1CE0035B486 /* bottle.json */ = {isa = PBXFileReference; fileEncoding = 4; lastKnownFileType = text.json; path = bottle.json; sourceTree = "<group>"; };
		15BB025C2A24E3E30035B486 /* GroupChatSearch.swift */ = {isa = PBXFileReference; lastKnownFileType = sourcecode.swift; path = GroupChatSearch.swift; sourceTree = "<group>"; };
		15BB025F2A251BF10035B486 /* GroupChatSearch+Constant.swift */ = {isa = PBXFileReference; lastKnownFileType = sourcecode.swift; path = "GroupChatSearch+Constant.swift"; sourceTree = "<group>"; };
		15BB02612A251C0D0035B486 /* ChatListLeftNaviItem+Constant.swift */ = {isa = PBXFileReference; lastKnownFileType = sourcecode.swift; path = "ChatListLeftNaviItem+Constant.swift"; sourceTree = "<group>"; };
		15BB02632A251C430035B486 /* ChatListViewController+Constant.swift */ = {isa = PBXFileReference; lastKnownFileType = sourcecode.swift; path = "ChatListViewController+Constant.swift"; sourceTree = "<group>"; };
		15BB02792A25F1710035B486 /* GroupView.swift */ = {isa = PBXFileReference; lastKnownFileType = sourcecode.swift; path = GroupView.swift; sourceTree = "<group>"; };
		15BB027B2A25F31A0035B486 /* GroupViewCell.swift */ = {isa = PBXFileReference; lastKnownFileType = sourcecode.swift; path = GroupViewCell.swift; sourceTree = "<group>"; };
		15BB027E2A25F3680035B486 /* GroupViewAdapter.swift */ = {isa = PBXFileReference; lastKnownFileType = sourcecode.swift; path = GroupViewAdapter.swift; sourceTree = "<group>"; };
		15BB02812A25F37E0035B486 /* GroupViewAdapterDataSoruce.swift */ = {isa = PBXFileReference; lastKnownFileType = sourcecode.swift; path = GroupViewAdapterDataSoruce.swift; sourceTree = "<group>"; };
		15BB02832A261D910035B486 /* UIColor+ChatPalette.swift */ = {isa = PBXFileReference; lastKnownFileType = sourcecode.swift; path = "UIColor+ChatPalette.swift"; sourceTree = "<group>"; };
		15BB02882A262C800035B486 /* ChatListViewModel.swift */ = {isa = PBXFileReference; lastKnownFileType = sourcecode.swift; path = ChatListViewModel.swift; sourceTree = "<group>"; };
		15BB028B2A262D270035B486 /* GroupModel.swift */ = {isa = PBXFileReference; lastKnownFileType = sourcecode.swift; path = GroupModel.swift; sourceTree = "<group>"; };
		15BB028E2A2631040035B486 /* MockGroupModel.swift */ = {isa = PBXFileReference; lastKnownFileType = sourcecode.swift; path = MockGroupModel.swift; sourceTree = "<group>"; };
		15BB02A62A264A070035B486 /* FlowCoordinator.swift */ = {isa = PBXFileReference; lastKnownFileType = sourcecode.swift; path = FlowCoordinator.swift; sourceTree = "<group>"; };
		15BB02A92A2650BE0035B486 /* FlowCoordinator+ConvenienceInitSubCoordinator.swift */ = {isa = PBXFileReference; lastKnownFileType = sourcecode.swift; path = "FlowCoordinator+ConvenienceInitSubCoordinator.swift"; sourceTree = "<group>"; };
		15BB02AB2A2659900035B486 /* ApplicationFlowCoordinator.swift */ = {isa = PBXFileReference; lastKnownFileType = sourcecode.swift; path = ApplicationFlowCoordinator.swift; sourceTree = "<group>"; };
		15BB02AE2A2668240035B486 /* LoginCoordinator.swift */ = {isa = PBXFileReference; lastKnownFileType = sourcecode.swift; path = LoginCoordinator.swift; sourceTree = "<group>"; };
		15BB02B32A26720A0035B486 /* SignUpCoordinator.swift */ = {isa = PBXFileReference; lastKnownFileType = sourcecode.swift; path = SignUpCoordinator.swift; sourceTree = "<group>"; };
		15BB02B62A26785D0035B486 /* ChatListCoordinator.swift */ = {isa = PBXFileReference; lastKnownFileType = sourcecode.swift; path = ChatListCoordinator.swift; sourceTree = "<group>"; };
		15BB02B82A28407B0035B486 /* BottomNaviBar+Constant.swift */ = {isa = PBXFileReference; lastKnownFileType = sourcecode.swift; path = "BottomNaviBar+Constant.swift"; sourceTree = "<group>"; };
		15BB02BA2A284D360035B486 /* GroupViewAdapterDelegate.swift */ = {isa = PBXFileReference; lastKnownFileType = sourcecode.swift; path = GroupViewAdapterDelegate.swift; sourceTree = "<group>"; };
		15BB02BF2A284E8D0035B486 /* MessageViewContrller.swift */ = {isa = PBXFileReference; lastKnownFileType = sourcecode.swift; path = MessageViewContrller.swift; sourceTree = "<group>"; };
		15BB02C22A2850050035B486 /* MessageCoordinator.swift */ = {isa = PBXFileReference; lastKnownFileType = sourcecode.swift; path = MessageCoordinator.swift; sourceTree = "<group>"; };
		15BB02C52A287B1C0035B486 /* MessageSendBarInputTextView.swift */ = {isa = PBXFileReference; lastKnownFileType = sourcecode.swift; path = MessageSendBarInputTextView.swift; sourceTree = "<group>"; };
		15BB02C72A28855D0035B486 /* MessageSendBar.swift */ = {isa = PBXFileReference; lastKnownFileType = sourcecode.swift; path = MessageSendBar.swift; sourceTree = "<group>"; };
		15BB02CA2A2887140035B486 /* MessageTextViewDelegate.swift */ = {isa = PBXFileReference; lastKnownFileType = sourcecode.swift; path = MessageTextViewDelegate.swift; sourceTree = "<group>"; };
		15BB02CC2A288DBB0035B486 /* CommentSendInputAccessoryViewDelegate.swift */ = {isa = PBXFileReference; lastKnownFileType = sourcecode.swift; path = CommentSendInputAccessoryViewDelegate.swift; sourceTree = "<group>"; };
		15BB02CF2A2895090035B486 /* MessageViewAdapter.swift */ = {isa = PBXFileReference; lastKnownFileType = sourcecode.swift; path = MessageViewAdapter.swift; sourceTree = "<group>"; };
		15BB02D22A2895700035B486 /* CommentModel.swift */ = {isa = PBXFileReference; lastKnownFileType = sourcecode.swift; path = CommentModel.swift; sourceTree = "<group>"; };
		15BB02D52A2895EF0035B486 /* UserModel.swift */ = {isa = PBXFileReference; lastKnownFileType = sourcecode.swift; path = UserModel.swift; sourceTree = "<group>"; };
		15BB02D72A2897020035B486 /* MessageViewControllerDataSource.swift */ = {isa = PBXFileReference; lastKnownFileType = sourcecode.swift; path = MessageViewControllerDataSource.swift; sourceTree = "<group>"; };
		15BB02DA2A2897B70035B486 /* MessageViewModel.swift */ = {isa = PBXFileReference; lastKnownFileType = sourcecode.swift; path = MessageViewModel.swift; sourceTree = "<group>"; };
		15BB02DC2A28B7FC0035B486 /* MessageCell.swift */ = {isa = PBXFileReference; lastKnownFileType = sourcecode.swift; path = MessageCell.swift; sourceTree = "<group>"; };
		15BB02F12A28E8AB0035B486 /* MessageContentView.swift */ = {isa = PBXFileReference; lastKnownFileType = sourcecode.swift; path = MessageContentView.swift; sourceTree = "<group>"; };
		15BB02F32A29067D0035B486 /* MessageContentModel.swift */ = {isa = PBXFileReference; lastKnownFileType = sourcecode.swift; path = MessageContentModel.swift; sourceTree = "<group>"; };
		15BB02F72A29076E0035B486 /* MessageContentView+Constant.swift */ = {isa = PBXFileReference; lastKnownFileType = sourcecode.swift; path = "MessageContentView+Constant.swift"; sourceTree = "<group>"; };
		15BB02F92A2907870035B486 /* MessageSenderState.swift */ = {isa = PBXFileReference; lastKnownFileType = sourcecode.swift; path = MessageSenderState.swift; sourceTree = "<group>"; };
		15E7C9FC2A1EB01600F1CB49 /* .swiftLint.yml */ = {isa = PBXFileReference; lastKnownFileType = text.yaml; path = .swiftLint.yml; sourceTree = "<group>"; };
		2463DFC5BC230B7F4B511AF1 /* Pods-SoTalk.release.xcconfig */ = {isa = PBXFileReference; includeInIndex = 1; lastKnownFileType = text.xcconfig; name = "Pods-SoTalk.release.xcconfig"; path = "Target Support Files/Pods-SoTalk/Pods-SoTalk.release.xcconfig"; sourceTree = "<group>"; };
		CDACD0805765933D5DC0C8A6 /* Pods-SoTalk.debug.xcconfig */ = {isa = PBXFileReference; includeInIndex = 1; lastKnownFileType = text.xcconfig; name = "Pods-SoTalk.debug.xcconfig"; path = "Target Support Files/Pods-SoTalk/Pods-SoTalk.debug.xcconfig"; sourceTree = "<group>"; };
		FCE089AEF1146D1A3C6EEAEE /* Pods_SoTalk.framework */ = {isa = PBXFileReference; explicitFileType = wrapper.framework; includeInIndex = 0; path = Pods_SoTalk.framework; sourceTree = BUILT_PRODUCTS_DIR; };
/* End PBXFileReference section */

/* Begin PBXFrameworksBuildPhase section */
		158919842A1E7B43006796B2 /* Frameworks */ = {
			isa = PBXFrameworksBuildPhase;
			buildActionMask = 2147483647;
			files = (
				5E71008154573DB656B961E4 /* Pods_SoTalk.framework in Frameworks */,
			);
			runOnlyForDeploymentPostprocessing = 0;
		};
/* End PBXFrameworksBuildPhase section */

/* Begin PBXGroup section */
		157383402A1E9B1A00EDE059 /* Common */ = {
			isa = PBXGroup;
			children = (
				15BB01DC2A1F3C9F0035B486 /* Utils */,
				15BB01D02A1F248B0035B486 /* View */,
				15BB01CB2A1F11C40035B486 /* Model */,
				15BB01C62A1F0B5A0035B486 /* Extension */,
				15856D0A2A1E9D150085FE75 /* Protocol */,
				15856CFF2A1E9CAA0085FE75 /* CombineCocoa */,
			);
			path = Common;
			sourceTree = "<group>";
		};
		15856CFF2A1E9CAA0085FE75 /* CombineCocoa */ = {
			isa = PBXGroup;
			children = (
				15856D002A1E9CAA0085FE75 /* UIControl+Combine.swift */,
				15856D012A1E9CAA0085FE75 /* UISwitch+Combine.swift */,
				15856D022A1E9CAA0085FE75 /* UIButton+Combine.swift */,
				15856D032A1E9CAA0085FE75 /* UIControl+CombineInteraction.swift */,
				15856D042A1E9CAA0085FE75 /* UITextField+Combine.swift */,
			);
			path = CombineCocoa;
			sourceTree = "<group>";
		};
		15856D0A2A1E9D150085FE75 /* Protocol */ = {
			isa = PBXGroup;
			children = (
				15856D0B2A1E9D150085FE75 /* ConvenienceInit.swift */,
				15856D0C2A1E9D150085FE75 /* ViewModelProtocols.swift */,
				15856D0D2A1E9D150085FE75 /* LayoutSupport.swift */,
				15BB01DF2A1F480E0035B486 /* UIView+CustomAnimation.swift */,
			);
			path = Protocol;
			sourceTree = "<group>";
		};
		15856D112A1E9EFD0085FE75 /* Feature */ = {
			isa = PBXGroup;
			children = (
				15BB024C2A2482220035B486 /* Chat */,
				15856D122A1E9F030085FE75 /* Authentication */,
			);
			path = Feature;
			sourceTree = "<group>";
		};
		15856D122A1E9F030085FE75 /* Authentication */ = {
			isa = PBXGroup;
			children = (
				15856D142A1E9F0F0085FE75 /* SignUp */,
				15856D132A1E9F080085FE75 /* Login */,
			);
			path = Authentication;
			sourceTree = "<group>";
		};
		15856D132A1E9F080085FE75 /* Login */ = {
			isa = PBXGroup;
			children = (
				15BB02AD2A26681B0035B486 /* Coordinator */,
				15856D192A1E9F7C0085FE75 /* Extension */,
				15BB01D52A1F29F90035B486 /* Protocol */,
				15BB01C32A1F010D0035B486 /* View */,
				15856D152A1E9F2D0085FE75 /* ViewController */,
				15856D162A1E9F350085FE75 /* ViewModel */,
			);
			path = Login;
			sourceTree = "<group>";
		};
		15856D142A1E9F0F0085FE75 /* SignUp */ = {
			isa = PBXGroup;
			children = (
				15BB02222A226A960035B486 /* Adapter */,
				15BB02B22A2671FE0035B486 /* Coordinator */,
				15BB02352A23473A0035B486 /* Extension */,
				15BB022D2A233CB40035B486 /* Model */,
				15BB02232A226AEB0035B486 /* Protocol */,
				15BB02182A225E270035B486 /* View */,
				15BB01E12A1F518E0035B486 /* ViewController */,
				15BB021D2A226A170035B486 /* ViewModel */,
			);
			path = SignUp;
			sourceTree = "<group>";
		};
		15856D152A1E9F2D0085FE75 /* ViewController */ = {
			isa = PBXGroup;
			children = (
				1589198E2A1E7B43006796B2 /* LoginViewController.swift */,
			);
			path = ViewController;
			sourceTree = "<group>";
		};
		15856D162A1E9F350085FE75 /* ViewModel */ = {
			isa = PBXGroup;
			children = (
			);
			path = ViewModel;
			sourceTree = "<group>";
		};
		15856D192A1E9F7C0085FE75 /* Extension */ = {
			isa = PBXGroup;
			children = (
				15BB01C02A1F00F10035B486 /* Constant */,
				15856D1A2A1EA14A0085FE75 /* LoginViewModel+Associatedtype.swift */,
			);
			path = Extension;
			sourceTree = "<group>";
		};
		1589197E2A1E7B43006796B2 = {
			isa = PBXGroup;
			children = (
				15E7C9FC2A1EB01600F1CB49 /* .swiftLint.yml */,
				158919892A1E7B43006796B2 /* Source */,
				158919882A1E7B43006796B2 /* Products */,
				FB162AD42CBF726F528DAA83 /* Pods */,
				38F98D16A7B7CEAC5182972F /* Frameworks */,
			);
			sourceTree = "<group>";
		};
		158919882A1E7B43006796B2 /* Products */ = {
			isa = PBXGroup;
			children = (
				158919872A1E7B43006796B2 /* SoTalk.app */,
			);
			name = Products;
			sourceTree = "<group>";
		};
		158919892A1E7B43006796B2 /* Source */ = {
			isa = PBXGroup;
			children = (
				15BB02A52A2649EC0035B486 /* FlowCoordinator */,
				157383402A1E9B1A00EDE059 /* Common */,
				15856D112A1E9EFD0085FE75 /* Feature */,
				1589199E2A1E979A006796B2 /* Support */,
			);
			path = Source;
			sourceTree = "<group>";
		};
		1589199E2A1E979A006796B2 /* Support */ = {
			isa = PBXGroup;
			children = (
				15BB023C2A23DCE90035B486 /* Resource */,
				1589198A2A1E7B43006796B2 /* AppDelegate.swift */,
				158919952A1E7B43006796B2 /* LaunchScreen.storyboard */,
				1589198C2A1E7B43006796B2 /* SceneDelegate.swift */,
				158919982A1E7B43006796B2 /* Info.plist */,
			);
			path = Support;
			sourceTree = "<group>";
		};
		15BB01C02A1F00F10035B486 /* Constant */ = {
			isa = PBXGroup;
			children = (
				15BB01C12A1F01070035B486 /* LoginViewControllerConstant.swift */,
				15BB01CE2A1F134A0035B486 /* AuthenticationTextFieldConstant.swift */,
				15BB01D32A1F25280035B486 /* ForgetViewConstant.swift */,
			);
			path = Constant;
			sourceTree = "<group>";
		};
		15BB01C32A1F010D0035B486 /* View */ = {
			isa = PBXGroup;
			children = (
				15BB01D12A1F24960035B486 /* ForgetView.swift */,
			);
			path = View;
			sourceTree = "<group>";
		};
		15BB01C62A1F0B5A0035B486 /* Extension */ = {
			isa = PBXGroup;
			children = (
				15BB01C72A1F0B710035B486 /* UIColor+Palette.swift */,
				15BB01DA2A1F31470035B486 /* UIColor+Hex.swift */,
				15BB01E82A209ABF0035B486 /* UIColor+iconColorChange.swift */,
				15BB02832A261D910035B486 /* UIColor+ChatPalette.swift */,
			);
			path = Extension;
			sourceTree = "<group>";
		};
		15BB01CB2A1F11C40035B486 /* Model */ = {
			isa = PBXGroup;
			children = (
				15BB01CC2A1F11D70035B486 /* UISpacing.swift */,
				15BB01EA2A20CA240035B486 /* AuthenticationTextFieldColorState.swift */,
				15BB02D52A2895EF0035B486 /* UserModel.swift */,
			);
			path = Model;
			sourceTree = "<group>";
		};
		15BB01D02A1F248B0035B486 /* View */ = {
			isa = PBXGroup;
			children = (
				15BB01C92A1F10730035B486 /* AuthenticationTextField.swift */,
				15BB01D82A1F311E0035B486 /* OneUnitHeightLine.swift */,
				15BB01E62A205F5C0035B486 /* NavigationControler.swift */,
				15BB02262A22795C0035B486 /* AuthenticationButton.swift */,
			);
			path = View;
			sourceTree = "<group>";
		};
		15BB01D52A1F29F90035B486 /* Protocol */ = {
			isa = PBXGroup;
			children = (
				15BB01D62A1F2A070035B486 /* ForgetViewDelegate.swift */,
			);
			path = Protocol;
			sourceTree = "<group>";
		};
		15BB01DC2A1F3C9F0035B486 /* Utils */ = {
			isa = PBXGroup;
			children = (
				15BB01DD2A1F3DD70035B486 /* BackgroundBlur.swift */,
			);
			path = Utils;
			sourceTree = "<group>";
		};
		15BB01E12A1F518E0035B486 /* ViewController */ = {
			isa = PBXGroup;
			children = (
				15BB01E22A1F519B0035B486 /* SignUpViewController.swift */,
			);
			path = ViewController;
			sourceTree = "<group>";
		};
		15BB02182A225E270035B486 /* View */ = {
			isa = PBXGroup;
			children = (
				15BB02192A225E380035B486 /* SignUpVIew.swift */,
				15BB021B2A225EE30035B486 /* SignUpViewCell.swift */,
			);
			path = View;
			sourceTree = "<group>";
		};
		15BB021D2A226A170035B486 /* ViewModel */ = {
			isa = PBXGroup;
			children = (
				15856D172A1E9F490085FE75 /* LoginViewModel.swift */,
				15BB021E2A226A230035B486 /* SignUpViewModel.swift */,
			);
			path = ViewModel;
			sourceTree = "<group>";
		};
		15BB02222A226A960035B486 /* Adapter */ = {
			isa = PBXGroup;
			children = (
				15BB02202A226A910035B486 /* SignUpViewAdapter.swift */,
			);
			path = Adapter;
			sourceTree = "<group>";
		};
		15BB02232A226AEB0035B486 /* Protocol */ = {
			isa = PBXGroup;
			children = (
				15BB02242A226B2C0035B486 /* SignUpViewAdapterDataSource.swift */,
				15BB022B2A2336AA0035B486 /* SignUpViewCellDelegate.swift */,
			);
			path = Protocol;
			sourceTree = "<group>";
		};
		15BB022D2A233CB40035B486 /* Model */ = {
			isa = PBXGroup;
			children = (
				15BB022E2A233CC30035B486 /* SignUpModel.swift */,
				15BB023A2A23B0B60035B486 /* SignUpViewCellInputState.swift */,
			);
			path = Model;
			sourceTree = "<group>";
		};
		15BB02352A23473A0035B486 /* Extension */ = {
			isa = PBXGroup;
			children = (
				15BB02362A2347460035B486 /* SignUpViewCell+Constant.swift */,
				15BB023F2A23DDC70035B486 /* SignUpViewCell+DrawSignUpEndPage.swift */,
			);
			path = Extension;
			sourceTree = "<group>";
		};
		15BB023C2A23DCE90035B486 /* Resource */ = {
			isa = PBXGroup;
			children = (
				15BB025A2A24E1CE0035B486 /* bottle.json */,
				15BB02492A246B660035B486 /* loginMessage.json */,
				15BB02472A23E3960035B486 /* welcome.json */,
				15BB02582A24DC540035B486 /* helloNavi.json */,
				15BB02432A23E1170035B486 /* leftCongratulation.json */,
				158919932A1E7B43006796B2 /* Assets.xcassets */,
			);
			path = Resource;
			sourceTree = "<group>";
		};
		15BB024C2A2482220035B486 /* Chat */ = {
			isa = PBXGroup;
			children = (
				15BB02BD2A284E5D0035B486 /* Chatting */,
				15BB02BC2A284E2B0035B486 /* ChatList */,
			);
			path = Chat;
			sourceTree = "<group>";
		};
		15BB02502A2496980035B486 /* ViewController */ = {
			isa = PBXGroup;
			children = (
				15BB024D2A2482370035B486 /* ChatListViewController.swift */,
			);
			path = ViewController;
			sourceTree = "<group>";
		};
		15BB02512A2496A10035B486 /* View */ = {
			isa = PBXGroup;
			children = (
				15BB02782A25F1640035B486 /* GroupView */,
				15BB02522A2496B00035B486 /* ChatListLeftNaviItem.swift */,
				15BB02542A24AF650035B486 /* BottomNaviBar.swift */,
				15BB025C2A24E3E30035B486 /* GroupChatSearch.swift */,
			);
			path = View;
			sourceTree = "<group>";
		};
		15BB025E2A251BE00035B486 /* Extension */ = {
			isa = PBXGroup;
			children = (
				15BB025F2A251BF10035B486 /* GroupChatSearch+Constant.swift */,
				15BB02612A251C0D0035B486 /* ChatListLeftNaviItem+Constant.swift */,
				15BB02632A251C430035B486 /* ChatListViewController+Constant.swift */,
				15BB02B82A28407B0035B486 /* BottomNaviBar+Constant.swift */,
			);
			path = Extension;
			sourceTree = "<group>";
		};
		15BB02782A25F1640035B486 /* GroupView */ = {
			isa = PBXGroup;
			children = (
				15BB02792A25F1710035B486 /* GroupView.swift */,
				15BB027B2A25F31A0035B486 /* GroupViewCell.swift */,
			);
			path = GroupView;
			sourceTree = "<group>";
		};
		15BB027D2A25F3600035B486 /* Adapter */ = {
			isa = PBXGroup;
			children = (
				15BB027E2A25F3680035B486 /* GroupViewAdapter.swift */,
			);
			path = Adapter;
			sourceTree = "<group>";
		};
		15BB02802A25F36E0035B486 /* Protocol */ = {
			isa = PBXGroup;
			children = (
				15BB02812A25F37E0035B486 /* GroupViewAdapterDataSoruce.swift */,
				15BB02BA2A284D360035B486 /* GroupViewAdapterDelegate.swift */,
			);
			path = Protocol;
			sourceTree = "<group>";
		};
		15BB02872A262C730035B486 /* ViewModel */ = {
			isa = PBXGroup;
			children = (
				15BB02882A262C800035B486 /* ChatListViewModel.swift */,
			);
			path = ViewModel;
			sourceTree = "<group>";
		};
		15BB028A2A262D1D0035B486 /* Model */ = {
			isa = PBXGroup;
			children = (
				15BB028B2A262D270035B486 /* GroupModel.swift */,
			);
			path = Model;
			sourceTree = "<group>";
		};
		15BB028D2A2630F70035B486 /* Mock */ = {
			isa = PBXGroup;
			children = (
				15BB028E2A2631040035B486 /* MockGroupModel.swift */,
			);
			path = Mock;
			sourceTree = "<group>";
		};
		15BB02A52A2649EC0035B486 /* FlowCoordinator */ = {
			isa = PBXGroup;
			children = (
				15BB02A82A2650A50035B486 /* Extension */,
				15BB02A62A264A070035B486 /* FlowCoordinator.swift */,
				15BB02AB2A2659900035B486 /* ApplicationFlowCoordinator.swift */,
			);
			path = FlowCoordinator;
			sourceTree = "<group>";
		};
		15BB02A82A2650A50035B486 /* Extension */ = {
			isa = PBXGroup;
			children = (
				15BB02A92A2650BE0035B486 /* FlowCoordinator+ConvenienceInitSubCoordinator.swift */,
			);
			path = Extension;
			sourceTree = "<group>";
		};
		15BB02AD2A26681B0035B486 /* Coordinator */ = {
			isa = PBXGroup;
			children = (
				15BB02AE2A2668240035B486 /* LoginCoordinator.swift */,
			);
			path = Coordinator;
			sourceTree = "<group>";
		};
		15BB02B22A2671FE0035B486 /* Coordinator */ = {
			isa = PBXGroup;
			children = (
				15BB02B32A26720A0035B486 /* SignUpCoordinator.swift */,
			);
			path = Coordinator;
			sourceTree = "<group>";
		};
		15BB02B52A2678510035B486 /* Coordinator */ = {
			isa = PBXGroup;
			children = (
				15BB02B62A26785D0035B486 /* ChatListCoordinator.swift */,
			);
			path = Coordinator;
			sourceTree = "<group>";
		};
		15BB02BC2A284E2B0035B486 /* ChatList */ = {
			isa = PBXGroup;
			children = (
				15BB027D2A25F3600035B486 /* Adapter */,
				15BB02B52A2678510035B486 /* Coordinator */,
				15BB025E2A251BE00035B486 /* Extension */,
				15BB028D2A2630F70035B486 /* Mock */,
				15BB028A2A262D1D0035B486 /* Model */,
				15BB02802A25F36E0035B486 /* Protocol */,
				15BB02512A2496A10035B486 /* View */,
				15BB02502A2496980035B486 /* ViewController */,
				15BB02872A262C730035B486 /* ViewModel */,
			);
			path = ChatList;
			sourceTree = "<group>";
		};
		15BB02BD2A284E5D0035B486 /* Chatting */ = {
			isa = PBXGroup;
			children = (
				15BB02CE2A2894FF0035B486 /* Adapter */,
				15BB02C12A284FDF0035B486 /* Coordinator */,
				15BB02F52A29074D0035B486 /* Extension */,
				15BB02D12A2895510035B486 /* Model */,
				15BB02C92A28870B0035B486 /* Protocol */,
				15BB02C42A287B0A0035B486 /* View */,
				15BB02BE2A284E7A0035B486 /* ViewController */,
				15BB02D92A2897AE0035B486 /* ViewModel */,
			);
			path = Chatting;
			sourceTree = "<group>";
		};
		15BB02BE2A284E7A0035B486 /* ViewController */ = {
			isa = PBXGroup;
			children = (
				15BB02BF2A284E8D0035B486 /* MessageViewContrller.swift */,
			);
			path = ViewController;
			sourceTree = "<group>";
		};
		15BB02C12A284FDF0035B486 /* Coordinator */ = {
			isa = PBXGroup;
			children = (
				15BB02C22A2850050035B486 /* MessageCoordinator.swift */,
			);
			path = Coordinator;
			sourceTree = "<group>";
		};
		15BB02C42A287B0A0035B486 /* View */ = {
			isa = PBXGroup;
			children = (
				15BB02C52A287B1C0035B486 /* MessageSendBarInputTextView.swift */,
				15BB02C72A28855D0035B486 /* MessageSendBar.swift */,
				15BB02DC2A28B7FC0035B486 /* MessageCell.swift */,
				15BB02F12A28E8AB0035B486 /* MessageContentView.swift */,
			);
			path = View;
			sourceTree = "<group>";
		};
		15BB02C92A28870B0035B486 /* Protocol */ = {
			isa = PBXGroup;
			children = (
				15BB02CA2A2887140035B486 /* MessageTextViewDelegate.swift */,
				15BB02CC2A288DBB0035B486 /* CommentSendInputAccessoryViewDelegate.swift */,
				15BB02D72A2897020035B486 /* MessageViewControllerDataSource.swift */,
			);
			path = Protocol;
			sourceTree = "<group>";
		};
		15BB02CE2A2894FF0035B486 /* Adapter */ = {
			isa = PBXGroup;
			children = (
				15BB02CF2A2895090035B486 /* MessageViewAdapter.swift */,
			);
			path = Adapter;
			sourceTree = "<group>";
		};
		15BB02D12A2895510035B486 /* Model */ = {
			isa = PBXGroup;
			children = (
				15BB02D22A2895700035B486 /* CommentModel.swift */,
				15BB02F32A29067D0035B486 /* MessageContentModel.swift */,
				15BB02F92A2907870035B486 /* MessageSenderState.swift */,
			);
			path = Model;
			sourceTree = "<group>";
		};
		15BB02D92A2897AE0035B486 /* ViewModel */ = {
			isa = PBXGroup;
			children = (
				15BB02DA2A2897B70035B486 /* MessageViewModel.swift */,
			);
			path = ViewModel;
			sourceTree = "<group>";
		};
		15BB02F52A29074D0035B486 /* Extension */ = {
			isa = PBXGroup;
			children = (
				15BB02F72A29076E0035B486 /* MessageContentView+Constant.swift */,
			);
			path = Extension;
			sourceTree = "<group>";
		};
		38F98D16A7B7CEAC5182972F /* Frameworks */ = {
			isa = PBXGroup;
			children = (
				FCE089AEF1146D1A3C6EEAEE /* Pods_SoTalk.framework */,
			);
			name = Frameworks;
			sourceTree = "<group>";
		};
		FB162AD42CBF726F528DAA83 /* Pods */ = {
			isa = PBXGroup;
			children = (
				CDACD0805765933D5DC0C8A6 /* Pods-SoTalk.debug.xcconfig */,
				2463DFC5BC230B7F4B511AF1 /* Pods-SoTalk.release.xcconfig */,
			);
			path = Pods;
			sourceTree = "<group>";
		};
/* End PBXGroup section */

/* Begin PBXNativeTarget section */
		158919862A1E7B43006796B2 /* SoTalk */ = {
			isa = PBXNativeTarget;
			buildConfigurationList = 1589199B2A1E7B43006796B2 /* Build configuration list for PBXNativeTarget "SoTalk" */;
			buildPhases = (
				E4FC303DB78A08D05D6AA3F5 /* [CP] Check Pods Manifest.lock */,
				158919832A1E7B43006796B2 /* Sources */,
				158919842A1E7B43006796B2 /* Frameworks */,
				158919852A1E7B43006796B2 /* Resources */,
				77BA663CACF89937122A8C43 /* [CP] Embed Pods Frameworks */,
				15BB01AD2A1EB1420035B486 /* ShellScript */,
			);
			buildRules = (
			);
			dependencies = (
			);
			name = SoTalk;
			productName = SoTalk;
			productReference = 158919872A1E7B43006796B2 /* SoTalk.app */;
			productType = "com.apple.product-type.application";
		};
/* End PBXNativeTarget section */

/* Begin PBXProject section */
		1589197F2A1E7B43006796B2 /* Project object */ = {
			isa = PBXProject;
			attributes = {
				BuildIndependentTargetsInParallel = 1;
				LastSwiftUpdateCheck = 1430;
				LastUpgradeCheck = 1430;
				TargetAttributes = {
					158919862A1E7B43006796B2 = {
						CreatedOnToolsVersion = 14.3;
					};
				};
			};
			buildConfigurationList = 158919822A1E7B43006796B2 /* Build configuration list for PBXProject "SoTalk" */;
			compatibilityVersion = "Xcode 14.0";
			developmentRegion = en;
			hasScannedForEncodings = 0;
			knownRegions = (
				en,
				Base,
			);
			mainGroup = 1589197E2A1E7B43006796B2;
			productRefGroup = 158919882A1E7B43006796B2 /* Products */;
			projectDirPath = "";
			projectRoot = "";
			targets = (
				158919862A1E7B43006796B2 /* SoTalk */,
			);
		};
/* End PBXProject section */

/* Begin PBXResourcesBuildPhase section */
		158919852A1E7B43006796B2 /* Resources */ = {
			isa = PBXResourcesBuildPhase;
			buildActionMask = 2147483647;
			files = (
				15BB02592A24DC550035B486 /* helloNavi.json in Resources */,
				15BB02442A23E1170035B486 /* leftCongratulation.json in Resources */,
				15BB024A2A246B660035B486 /* loginMessage.json in Resources */,
				158919972A1E7B43006796B2 /* LaunchScreen.storyboard in Resources */,
				158919942A1E7B43006796B2 /* Assets.xcassets in Resources */,
				15BB025B2A24E1CE0035B486 /* bottle.json in Resources */,
				15E7C9FD2A1EB01600F1CB49 /* .swiftLint.yml in Resources */,
				15BB02482A23E3960035B486 /* welcome.json in Resources */,
			);
			runOnlyForDeploymentPostprocessing = 0;
		};
/* End PBXResourcesBuildPhase section */

/* Begin PBXShellScriptBuildPhase section */
		15BB01AD2A1EB1420035B486 /* ShellScript */ = {
			isa = PBXShellScriptBuildPhase;
			alwaysOutOfDate = 1;
			buildActionMask = 2147483647;
			files = (
			);
			inputFileListPaths = (
			);
			inputPaths = (
			);
			outputFileListPaths = (
			);
			outputPaths = (
			);
			runOnlyForDeploymentPostprocessing = 0;
			shellPath = /bin/sh;
			shellScript = "${PODS_ROOT}/SwiftLint/swiftlint\n";
		};
		77BA663CACF89937122A8C43 /* [CP] Embed Pods Frameworks */ = {
			isa = PBXShellScriptBuildPhase;
			buildActionMask = 2147483647;
			files = (
			);
			inputFileListPaths = (
				"${PODS_ROOT}/Target Support Files/Pods-SoTalk/Pods-SoTalk-frameworks-${CONFIGURATION}-input-files.xcfilelist",
			);
			name = "[CP] Embed Pods Frameworks";
			outputFileListPaths = (
				"${PODS_ROOT}/Target Support Files/Pods-SoTalk/Pods-SoTalk-frameworks-${CONFIGURATION}-output-files.xcfilelist",
			);
			runOnlyForDeploymentPostprocessing = 0;
			shellPath = /bin/sh;
			shellScript = "\"${PODS_ROOT}/Target Support Files/Pods-SoTalk/Pods-SoTalk-frameworks.sh\"\n";
			showEnvVarsInLog = 0;
		};
		E4FC303DB78A08D05D6AA3F5 /* [CP] Check Pods Manifest.lock */ = {
			isa = PBXShellScriptBuildPhase;
			buildActionMask = 2147483647;
			files = (
			);
			inputFileListPaths = (
			);
			inputPaths = (
				"${PODS_PODFILE_DIR_PATH}/Podfile.lock",
				"${PODS_ROOT}/Manifest.lock",
			);
			name = "[CP] Check Pods Manifest.lock";
			outputFileListPaths = (
			);
			outputPaths = (
				"$(DERIVED_FILE_DIR)/Pods-SoTalk-checkManifestLockResult.txt",
			);
			runOnlyForDeploymentPostprocessing = 0;
			shellPath = /bin/sh;
			shellScript = "diff \"${PODS_PODFILE_DIR_PATH}/Podfile.lock\" \"${PODS_ROOT}/Manifest.lock\" > /dev/null\nif [ $? != 0 ] ; then\n    # print error to STDERR\n    echo \"error: The sandbox is not in sync with the Podfile.lock. Run 'pod install' or update your CocoaPods installation.\" >&2\n    exit 1\nfi\n# This output is used by Xcode 'outputs' to avoid re-running this script phase.\necho \"SUCCESS\" > \"${SCRIPT_OUTPUT_FILE_0}\"\n";
			showEnvVarsInLog = 0;
		};
/* End PBXShellScriptBuildPhase section */

/* Begin PBXSourcesBuildPhase section */
		158919832A1E7B43006796B2 /* Sources */ = {
			isa = PBXSourcesBuildPhase;
			buildActionMask = 2147483647;
			files = (
				1589198F2A1E7B43006796B2 /* LoginViewController.swift in Sources */,
				15BB02F22A28E8AB0035B486 /* MessageContentView.swift in Sources */,
				15BB02C62A287B1C0035B486 /* MessageSendBarInputTextView.swift in Sources */,
				15856D082A1E9CAA0085FE75 /* UIControl+CombineInteraction.swift in Sources */,
				15BB027F2A25F3690035B486 /* GroupViewAdapter.swift in Sources */,
				15BB027A2A25F1710035B486 /* GroupView.swift in Sources */,
				15BB02272A22795C0035B486 /* AuthenticationButton.swift in Sources */,
				15BB02B72A26785D0035B486 /* ChatListCoordinator.swift in Sources */,
				15BB02F82A29076E0035B486 /* MessageContentView+Constant.swift in Sources */,
				15BB02C82A28855D0035B486 /* MessageSendBar.swift in Sources */,
				15BB01E92A209ABF0035B486 /* UIColor+iconColorChange.swift in Sources */,
				15BB01EB2A20CA240035B486 /* AuthenticationTextFieldColorState.swift in Sources */,
				15BB01DB2A1F31470035B486 /* UIColor+Hex.swift in Sources */,
				15BB02FA2A2907870035B486 /* MessageSenderState.swift in Sources */,
				15BB028F2A2631040035B486 /* MockGroupModel.swift in Sources */,
				15856D052A1E9CAA0085FE75 /* UIControl+Combine.swift in Sources */,
				15BB02CD2A288DBB0035B486 /* CommentSendInputAccessoryViewDelegate.swift in Sources */,
				15BB01DE2A1F3DD70035B486 /* BackgroundBlur.swift in Sources */,
				15BB02642A251C430035B486 /* ChatListViewController+Constant.swift in Sources */,
				15BB02842A261D910035B486 /* UIColor+ChatPalette.swift in Sources */,
				15BB021C2A225EE30035B486 /* SignUpViewCell.swift in Sources */,
				15BB02532A2496B00035B486 /* ChatListLeftNaviItem.swift in Sources */,
				15856D092A1E9CAA0085FE75 /* UITextField+Combine.swift in Sources */,
				15BB024E2A2482370035B486 /* ChatListViewController.swift in Sources */,
				15856D102A1E9D150085FE75 /* LayoutSupport.swift in Sources */,
				15BB02622A251C0D0035B486 /* ChatListLeftNaviItem+Constant.swift in Sources */,
				15BB02AA2A2650BE0035B486 /* FlowCoordinator+ConvenienceInitSubCoordinator.swift in Sources */,
				15BB02F42A29067D0035B486 /* MessageContentModel.swift in Sources */,
				15BB027C2A25F31A0035B486 /* GroupViewCell.swift in Sources */,
				15BB022C2A2336AA0035B486 /* SignUpViewCellDelegate.swift in Sources */,
				1589198B2A1E7B43006796B2 /* AppDelegate.swift in Sources */,
				15BB028C2A262D270035B486 /* GroupModel.swift in Sources */,
				15856D0E2A1E9D150085FE75 /* ConvenienceInit.swift in Sources */,
				15BB02892A262C800035B486 /* ChatListViewModel.swift in Sources */,
				15BB02A72A264A070035B486 /* FlowCoordinator.swift in Sources */,
				15BB01C82A1F0B710035B486 /* UIColor+Palette.swift in Sources */,
				15BB01C22A1F01070035B486 /* LoginViewControllerConstant.swift in Sources */,
				15856D062A1E9CAA0085FE75 /* UISwitch+Combine.swift in Sources */,
				15856D182A1E9F490085FE75 /* LoginViewModel.swift in Sources */,
				15BB01D42A1F25280035B486 /* ForgetViewConstant.swift in Sources */,
				1589198D2A1E7B43006796B2 /* SceneDelegate.swift in Sources */,
				15BB021F2A226A230035B486 /* SignUpViewModel.swift in Sources */,
				15BB02BB2A284D360035B486 /* GroupViewAdapterDelegate.swift in Sources */,
				15BB01E72A205F5C0035B486 /* NavigationControler.swift in Sources */,
				15BB02B92A28407B0035B486 /* BottomNaviBar+Constant.swift in Sources */,
				15BB02822A25F37E0035B486 /* GroupViewAdapterDataSoruce.swift in Sources */,
				15BB02D02A2895090035B486 /* MessageViewAdapter.swift in Sources */,
				15BB02D82A2897020035B486 /* MessageViewControllerDataSource.swift in Sources */,
				15BB01CD2A1F11D70035B486 /* UISpacing.swift in Sources */,
				15856D1B2A1EA14A0085FE75 /* LoginViewModel+Associatedtype.swift in Sources */,
				15BB02AC2A2659900035B486 /* ApplicationFlowCoordinator.swift in Sources */,
				15BB02C32A2850050035B486 /* MessageCoordinator.swift in Sources */,
				15BB02CB2A2887140035B486 /* MessageTextViewDelegate.swift in Sources */,
				15856D0F2A1E9D150085FE75 /* ViewModelProtocols.swift in Sources */,
				15BB02DB2A2897B70035B486 /* MessageViewModel.swift in Sources */,
				15BB02212A226A910035B486 /* SignUpViewAdapter.swift in Sources */,
				15BB02AF2A2668240035B486 /* LoginCoordinator.swift in Sources */,
				15BB01E02A1F480E0035B486 /* UIView+CustomAnimation.swift in Sources */,
				15BB02D62A2895EF0035B486 /* UserModel.swift in Sources */,
				15BB02DD2A28B7FC0035B486 /* MessageCell.swift in Sources */,
				15BB02552A24AF650035B486 /* BottomNaviBar.swift in Sources */,
				15BB02602A251BF10035B486 /* GroupChatSearch+Constant.swift in Sources */,
				15BB022F2A233CC30035B486 /* SignUpModel.swift in Sources */,
				15BB02B42A26720A0035B486 /* SignUpCoordinator.swift in Sources */,
				15BB02C02A284E8D0035B486 /* MessageViewContrller.swift in Sources */,
				15BB02372A2347460035B486 /* SignUpViewCell+Constant.swift in Sources */,
				15BB02D32A2895700035B486 /* CommentModel.swift in Sources */,
				15856D072A1E9CAA0085FE75 /* UIButton+Combine.swift in Sources */,
				15BB01D72A1F2A070035B486 /* ForgetViewDelegate.swift in Sources */,
				15BB01CA2A1F10730035B486 /* AuthenticationTextField.swift in Sources */,
				15BB025D2A24E3E30035B486 /* GroupChatSearch.swift in Sources */,
				15BB01E32A1F519B0035B486 /* SignUpViewController.swift in Sources */,
				15BB02252A226B2C0035B486 /* SignUpViewAdapterDataSource.swift in Sources */,
				15BB01D92A1F311E0035B486 /* OneUnitHeightLine.swift in Sources */,
				15BB023B2A23B0B60035B486 /* SignUpViewCellInputState.swift in Sources */,
				15BB01CF2A1F134A0035B486 /* AuthenticationTextFieldConstant.swift in Sources */,
				15BB02402A23DDC70035B486 /* SignUpViewCell+DrawSignUpEndPage.swift in Sources */,
				15BB021A2A225E380035B486 /* SignUpVIew.swift in Sources */,
				15BB01D22A1F24960035B486 /* ForgetView.swift in Sources */,
			);
			runOnlyForDeploymentPostprocessing = 0;
		};
/* End PBXSourcesBuildPhase section */

/* Begin PBXVariantGroup section */
		158919952A1E7B43006796B2 /* LaunchScreen.storyboard */ = {
			isa = PBXVariantGroup;
			children = (
				158919962A1E7B43006796B2 /* Base */,
			);
			name = LaunchScreen.storyboard;
			sourceTree = "<group>";
		};
/* End PBXVariantGroup section */

/* Begin XCBuildConfiguration section */
		158919992A1E7B43006796B2 /* Debug */ = {
			isa = XCBuildConfiguration;
			buildSettings = {
				ALWAYS_SEARCH_USER_PATHS = NO;
				CLANG_ANALYZER_NONNULL = YES;
				CLANG_ANALYZER_NUMBER_OBJECT_CONVERSION = YES_AGGRESSIVE;
				CLANG_CXX_LANGUAGE_STANDARD = "gnu++20";
				CLANG_ENABLE_MODULES = YES;
				CLANG_ENABLE_OBJC_ARC = YES;
				CLANG_ENABLE_OBJC_WEAK = YES;
				CLANG_WARN_BLOCK_CAPTURE_AUTORELEASING = YES;
				CLANG_WARN_BOOL_CONVERSION = YES;
				CLANG_WARN_COMMA = YES;
				CLANG_WARN_CONSTANT_CONVERSION = YES;
				CLANG_WARN_DEPRECATED_OBJC_IMPLEMENTATIONS = YES;
				CLANG_WARN_DIRECT_OBJC_ISA_USAGE = YES_ERROR;
				CLANG_WARN_DOCUMENTATION_COMMENTS = YES;
				CLANG_WARN_EMPTY_BODY = YES;
				CLANG_WARN_ENUM_CONVERSION = YES;
				CLANG_WARN_INFINITE_RECURSION = YES;
				CLANG_WARN_INT_CONVERSION = YES;
				CLANG_WARN_NON_LITERAL_NULL_CONVERSION = YES;
				CLANG_WARN_OBJC_IMPLICIT_RETAIN_SELF = YES;
				CLANG_WARN_OBJC_LITERAL_CONVERSION = YES;
				CLANG_WARN_OBJC_ROOT_CLASS = YES_ERROR;
				CLANG_WARN_QUOTED_INCLUDE_IN_FRAMEWORK_HEADER = YES;
				CLANG_WARN_RANGE_LOOP_ANALYSIS = YES;
				CLANG_WARN_STRICT_PROTOTYPES = YES;
				CLANG_WARN_SUSPICIOUS_MOVE = YES;
				CLANG_WARN_UNGUARDED_AVAILABILITY = YES_AGGRESSIVE;
				CLANG_WARN_UNREACHABLE_CODE = YES;
				CLANG_WARN__DUPLICATE_METHOD_MATCH = YES;
				COPY_PHASE_STRIP = NO;
				DEBUG_INFORMATION_FORMAT = dwarf;
				ENABLE_STRICT_OBJC_MSGSEND = YES;
				ENABLE_TESTABILITY = YES;
				GCC_C_LANGUAGE_STANDARD = gnu11;
				GCC_DYNAMIC_NO_PIC = NO;
				GCC_NO_COMMON_BLOCKS = YES;
				GCC_OPTIMIZATION_LEVEL = 0;
				GCC_PREPROCESSOR_DEFINITIONS = (
					"DEBUG=1",
					"$(inherited)",
				);
				GCC_WARN_64_TO_32_BIT_CONVERSION = YES;
				GCC_WARN_ABOUT_RETURN_TYPE = YES_ERROR;
				GCC_WARN_UNDECLARED_SELECTOR = YES;
				GCC_WARN_UNINITIALIZED_AUTOS = YES_AGGRESSIVE;
				GCC_WARN_UNUSED_FUNCTION = YES;
				GCC_WARN_UNUSED_VARIABLE = YES;
				IPHONEOS_DEPLOYMENT_TARGET = 16.4;
				MTL_ENABLE_DEBUG_INFO = INCLUDE_SOURCE;
				MTL_FAST_MATH = YES;
				ONLY_ACTIVE_ARCH = YES;
				SDKROOT = iphoneos;
				SWIFT_ACTIVE_COMPILATION_CONDITIONS = DEBUG;
				SWIFT_OPTIMIZATION_LEVEL = "-Onone";
			};
			name = Debug;
		};
		1589199A2A1E7B43006796B2 /* Release */ = {
			isa = XCBuildConfiguration;
			buildSettings = {
				ALWAYS_SEARCH_USER_PATHS = NO;
				CLANG_ANALYZER_NONNULL = YES;
				CLANG_ANALYZER_NUMBER_OBJECT_CONVERSION = YES_AGGRESSIVE;
				CLANG_CXX_LANGUAGE_STANDARD = "gnu++20";
				CLANG_ENABLE_MODULES = YES;
				CLANG_ENABLE_OBJC_ARC = YES;
				CLANG_ENABLE_OBJC_WEAK = YES;
				CLANG_WARN_BLOCK_CAPTURE_AUTORELEASING = YES;
				CLANG_WARN_BOOL_CONVERSION = YES;
				CLANG_WARN_COMMA = YES;
				CLANG_WARN_CONSTANT_CONVERSION = YES;
				CLANG_WARN_DEPRECATED_OBJC_IMPLEMENTATIONS = YES;
				CLANG_WARN_DIRECT_OBJC_ISA_USAGE = YES_ERROR;
				CLANG_WARN_DOCUMENTATION_COMMENTS = YES;
				CLANG_WARN_EMPTY_BODY = YES;
				CLANG_WARN_ENUM_CONVERSION = YES;
				CLANG_WARN_INFINITE_RECURSION = YES;
				CLANG_WARN_INT_CONVERSION = YES;
				CLANG_WARN_NON_LITERAL_NULL_CONVERSION = YES;
				CLANG_WARN_OBJC_IMPLICIT_RETAIN_SELF = YES;
				CLANG_WARN_OBJC_LITERAL_CONVERSION = YES;
				CLANG_WARN_OBJC_ROOT_CLASS = YES_ERROR;
				CLANG_WARN_QUOTED_INCLUDE_IN_FRAMEWORK_HEADER = YES;
				CLANG_WARN_RANGE_LOOP_ANALYSIS = YES;
				CLANG_WARN_STRICT_PROTOTYPES = YES;
				CLANG_WARN_SUSPICIOUS_MOVE = YES;
				CLANG_WARN_UNGUARDED_AVAILABILITY = YES_AGGRESSIVE;
				CLANG_WARN_UNREACHABLE_CODE = YES;
				CLANG_WARN__DUPLICATE_METHOD_MATCH = YES;
				COPY_PHASE_STRIP = NO;
				DEBUG_INFORMATION_FORMAT = "dwarf-with-dsym";
				ENABLE_NS_ASSERTIONS = NO;
				ENABLE_STRICT_OBJC_MSGSEND = YES;
				GCC_C_LANGUAGE_STANDARD = gnu11;
				GCC_NO_COMMON_BLOCKS = YES;
				GCC_WARN_64_TO_32_BIT_CONVERSION = YES;
				GCC_WARN_ABOUT_RETURN_TYPE = YES_ERROR;
				GCC_WARN_UNDECLARED_SELECTOR = YES;
				GCC_WARN_UNINITIALIZED_AUTOS = YES_AGGRESSIVE;
				GCC_WARN_UNUSED_FUNCTION = YES;
				GCC_WARN_UNUSED_VARIABLE = YES;
				IPHONEOS_DEPLOYMENT_TARGET = 16.4;
				MTL_ENABLE_DEBUG_INFO = NO;
				MTL_FAST_MATH = YES;
				SDKROOT = iphoneos;
				SWIFT_COMPILATION_MODE = wholemodule;
				SWIFT_OPTIMIZATION_LEVEL = "-O";
				VALIDATE_PRODUCT = YES;
			};
			name = Release;
		};
		1589199C2A1E7B43006796B2 /* Debug */ = {
			isa = XCBuildConfiguration;
			baseConfigurationReference = CDACD0805765933D5DC0C8A6 /* Pods-SoTalk.debug.xcconfig */;
			buildSettings = {
				ASSETCATALOG_COMPILER_APPICON_NAME = AppIcon;
				ASSETCATALOG_COMPILER_GLOBAL_ACCENT_COLOR_NAME = AccentColor;
				CODE_SIGN_STYLE = Automatic;
				CURRENT_PROJECT_VERSION = 1;
				GENERATE_INFOPLIST_FILE = YES;
				INFOPLIST_FILE = Source/Support/Info.plist;
				INFOPLIST_KEY_UIApplicationSupportsIndirectInputEvents = YES;
				INFOPLIST_KEY_UILaunchStoryboardName = LaunchScreen;
				INFOPLIST_KEY_UISupportedInterfaceOrientations_iPad = "UIInterfaceOrientationPortrait UIInterfaceOrientationPortraitUpsideDown UIInterfaceOrientationLandscapeLeft UIInterfaceOrientationLandscapeRight";
				INFOPLIST_KEY_UISupportedInterfaceOrientations_iPhone = "UIInterfaceOrientationPortrait UIInterfaceOrientationLandscapeLeft UIInterfaceOrientationLandscapeRight";
				LD_RUNPATH_SEARCH_PATHS = (
					"$(inherited)",
					"@executable_path/Frameworks",
				);
				MARKETING_VERSION = 1.0;
				PRODUCT_BUNDLE_IDENTIFIER = SH.SoTalk;
				PRODUCT_NAME = "$(TARGET_NAME)";
				SWIFT_EMIT_LOC_STRINGS = YES;
				SWIFT_VERSION = 5.0;
				TARGETED_DEVICE_FAMILY = "1,2";
			};
			name = Debug;
		};
		1589199D2A1E7B43006796B2 /* Release */ = {
			isa = XCBuildConfiguration;
			baseConfigurationReference = 2463DFC5BC230B7F4B511AF1 /* Pods-SoTalk.release.xcconfig */;
			buildSettings = {
				ASSETCATALOG_COMPILER_APPICON_NAME = AppIcon;
				ASSETCATALOG_COMPILER_GLOBAL_ACCENT_COLOR_NAME = AccentColor;
				CODE_SIGN_STYLE = Automatic;
				CURRENT_PROJECT_VERSION = 1;
				GENERATE_INFOPLIST_FILE = YES;
				INFOPLIST_FILE = Source/Support/Info.plist;
				INFOPLIST_KEY_UIApplicationSupportsIndirectInputEvents = YES;
				INFOPLIST_KEY_UILaunchStoryboardName = LaunchScreen;
				INFOPLIST_KEY_UISupportedInterfaceOrientations_iPad = "UIInterfaceOrientationPortrait UIInterfaceOrientationPortraitUpsideDown UIInterfaceOrientationLandscapeLeft UIInterfaceOrientationLandscapeRight";
				INFOPLIST_KEY_UISupportedInterfaceOrientations_iPhone = "UIInterfaceOrientationPortrait UIInterfaceOrientationLandscapeLeft UIInterfaceOrientationLandscapeRight";
				LD_RUNPATH_SEARCH_PATHS = (
					"$(inherited)",
					"@executable_path/Frameworks",
				);
				MARKETING_VERSION = 1.0;
				PRODUCT_BUNDLE_IDENTIFIER = SH.SoTalk;
				PRODUCT_NAME = "$(TARGET_NAME)";
				SWIFT_EMIT_LOC_STRINGS = YES;
				SWIFT_VERSION = 5.0;
				TARGETED_DEVICE_FAMILY = "1,2";
			};
			name = Release;
		};
/* End XCBuildConfiguration section */

/* Begin XCConfigurationList section */
		158919822A1E7B43006796B2 /* Build configuration list for PBXProject "SoTalk" */ = {
			isa = XCConfigurationList;
			buildConfigurations = (
				158919992A1E7B43006796B2 /* Debug */,
				1589199A2A1E7B43006796B2 /* Release */,
			);
			defaultConfigurationIsVisible = 0;
			defaultConfigurationName = Release;
		};
		1589199B2A1E7B43006796B2 /* Build configuration list for PBXNativeTarget "SoTalk" */ = {
			isa = XCConfigurationList;
			buildConfigurations = (
				1589199C2A1E7B43006796B2 /* Debug */,
				1589199D2A1E7B43006796B2 /* Release */,
			);
			defaultConfigurationIsVisible = 0;
			defaultConfigurationName = Release;
		};
/* End XCConfigurationList section */
	};
	rootObject = 1589197F2A1E7B43006796B2 /* Project object */;
}
